{
  "version": 4,
  "terraform_version": "1.11.1",
  "serial": 8,
  "lineage": "2a714bcb-3499-d0af-d375-2fabe93d7a8f",
  "outputs": {},
  "resources": [
    {
      "mode": "managed",
      "type": "render_registry_credential",
      "name": "github_crendentials",
      "provider": "provider[\"registry.terraform.io/render-oss/render\"]",
      "instances": [
        {
          "schema_version": 0,
          "attributes": {
            "auth_token": "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",
            "id": "rgc-cvn8g1a4d50c73futt7g",
            "name": "github-credentials",
            "registry": "GITHUB",
            "username": "elisalenotre"
          },
          "sensitive_attributes": [
            [
              {
                "type": "get_attr",
                "value": "auth_token"
              }
            ]
          ]
        }
      ]
    }
  ],
  "check_results": null
}
